<Solution>
  <Project Path="src/AdventOfCode.AoC2023/AdventOfCode.AoC2023.csproj" />
  <Project Path="src/AdventOfCode.AoC2024/AdventOfCode.AoC2024.csproj" />
  <Project Path="src/AdventOfCode.AoC2025/AdventOfCode.AoC2025.csproj" />
  <Project Path="src/AdventOfCode.Core/AdventOfCode.Core.csproj" />
  <Project Path="test/AdventOfCode.Test.csproj" />
</Solution>
